
Microsoft Visual Studio Solution File, Format Version 12.00
Project("{FAE04EC0-301F-11D3-BF4B-00C04F79EFBC}") = "IkuraScriptTool", "IkuraScriptTool\IkuraScriptTool.csproj", "{B78A8C91-7F4B-40A0-94E8-76B4F357677E}"
EndProject
Project("{FAE04EC0-301F-11D3-BF4B-00C04F79EFBC}") = "SystemEpsylonScriptTool", "SystemEpsylonScriptTool\SystemEpsylonScriptTool.csproj", "{4C72D2C2-BC85-4A75-8A99-AE3AEA020D2C}"
EndProject
Project("{FAE04EC0-301F-11D3-BF4B-00C04F79EFBC}") = "ATool", "ATool\ATool.csproj", "{EE21073F-F233-46BE-913B-1B760E2DF7B8}"
EndProject
Project("{FAE04EC0-301F-11D3-BF4B-00C04F79EFBC}") = "AToolTest", "AToolTest\AToolTest.csproj", "{59FAD974-A8FB-4E95-B12E-13F9A40F68CF}"
EndProject
Project("{FAE04EC0-301F-11D3-BF4B-00C04F79EFBC}") = "WillScriptTool", "WillScriptTool\WillScriptTool.csproj", "{7D4BD0A5-C54D-44EC-B158-25F44C117C9F}"
EndProject
Project("{FAE04EC0-301F-11D3-BF4B-00C04F79EFBC}") = "BurikoScriptTool", "BurikoScriptTool\BurikoScriptTool.csproj", "{8F60B2FF-4CC0-40B0-807F-16BCFE10DC5B}"
EndProject
Project("{FAE04EC0-301F-11D3-BF4B-00C04F79EFBC}") = "UnknownScriptTool", "UnknownScriptTool\UnknownScriptTool.csproj", "{AB6EAFA7-50FC-4D37-9902-0C4EB2C0F2C0}"
EndProject
Global
	GlobalSection(SolutionConfigurationPlatforms) = preSolution
		Debug|Any CPU = Debug|Any CPU
		Release|Any CPU = Release|Any CPU
	EndGlobalSection
	GlobalSection(ProjectConfigurationPlatforms) = postSolution
		{B78A8C91-7F4B-40A0-94E8-76B4F357677E}.Debug|Any CPU.ActiveCfg = Debug|Any CPU
		{B78A8C91-7F4B-40A0-94E8-76B4F357677E}.Debug|Any CPU.Build.0 = Debug|Any CPU
		{B78A8C91-7F4B-40A0-94E8-76B4F357677E}.Release|Any CPU.ActiveCfg = Release|Any CPU
		{B78A8C91-7F4B-40A0-94E8-76B4F357677E}.Release|Any CPU.Build.0 = Release|Any CPU
		{4C72D2C2-BC85-4A75-8A99-AE3AEA020D2C}.Debug|Any CPU.ActiveCfg = Debug|Any CPU
		{4C72D2C2-BC85-4A75-8A99-AE3AEA020D2C}.Debug|Any CPU.Build.0 = Debug|Any CPU
		{4C72D2C2-BC85-4A75-8A99-AE3AEA020D2C}.Release|Any CPU.ActiveCfg = Release|Any CPU
		{4C72D2C2-BC85-4A75-8A99-AE3AEA020D2C}.Release|Any CPU.Build.0 = Release|Any CPU
		{EE21073F-F233-46BE-913B-1B760E2DF7B8}.Debug|Any CPU.ActiveCfg = Debug|Any CPU
		{EE21073F-F233-46BE-913B-1B760E2DF7B8}.Debug|Any CPU.Build.0 = Debug|Any CPU
		{EE21073F-F233-46BE-913B-1B760E2DF7B8}.Release|Any CPU.ActiveCfg = Release|Any CPU
		{EE21073F-F233-46BE-913B-1B760E2DF7B8}.Release|Any CPU.Build.0 = Release|Any CPU
		{59FAD974-A8FB-4E95-B12E-13F9A40F68CF}.Debug|Any CPU.ActiveCfg = Debug|Any CPU
		{59FAD974-A8FB-4E95-B12E-13F9A40F68CF}.Debug|Any CPU.Build.0 = Debug|Any CPU
		{59FAD974-A8FB-4E95-B12E-13F9A40F68CF}.Release|Any CPU.ActiveCfg = Release|Any CPU
		{59FAD974-A8FB-4E95-B12E-13F9A40F68CF}.Release|Any CPU.Build.0 = Release|Any CPU
		{7D4BD0A5-C54D-44EC-B158-25F44C117C9F}.Debug|Any CPU.ActiveCfg = Debug|Any CPU
		{7D4BD0A5-C54D-44EC-B158-25F44C117C9F}.Debug|Any CPU.Build.0 = Debug|Any CPU
		{7D4BD0A5-C54D-44EC-B158-25F44C117C9F}.Release|Any CPU.ActiveCfg = Release|Any CPU
		{7D4BD0A5-C54D-44EC-B158-25F44C117C9F}.Release|Any CPU.Build.0 = Release|Any CPU
		{8F60B2FF-4CC0-40B0-807F-16BCFE10DC5B}.Debug|Any CPU.ActiveCfg = Debug|Any CPU
		{8F60B2FF-4CC0-40B0-807F-16BCFE10DC5B}.Debug|Any CPU.Build.0 = Debug|Any CPU
		{8F60B2FF-4CC0-40B0-807F-16BCFE10DC5B}.Release|Any CPU.ActiveCfg = Release|Any CPU
		{8F60B2FF-4CC0-40B0-807F-16BCFE10DC5B}.Release|Any CPU.Build.0 = Release|Any CPU
		{AB6EAFA7-50FC-4D37-9902-0C4EB2C0F2C0}.Debug|Any CPU.ActiveCfg = Debug|Any CPU
		{AB6EAFA7-50FC-4D37-9902-0C4EB2C0F2C0}.Debug|Any CPU.Build.0 = Debug|Any CPU
		{AB6EAFA7-50FC-4D37-9902-0C4EB2C0F2C0}.Release|Any CPU.ActiveCfg = Release|Any CPU
		{AB6EAFA7-50FC-4D37-9902-0C4EB2C0F2C0}.Release|Any CPU.Build.0 = Release|Any CPU
	EndGlobalSection
EndGlobal
